// !$*UTF8*$!
{
	archiveVersion = 1;
	classes = {
	};
	objectVersion = 51;
	objects = {

/* Begin PBXBuildFile section */
		7553F0D574326275DE4483F2 /* Pods_NutriApp.framework in Frameworks */ = {isa = PBXBuildFile; fileRef = 1B05BC34A1A992BE634CC059 /* Pods_NutriApp.framework */; };
		BE8E581ADC8ACF53540F36F3 /* Pods_NutriAppTests.framework in Frameworks */ = {isa = PBXBuildFile; fileRef = BB626795BC3CF678ACAB1D2B /* Pods_NutriAppTests.framework */; };
		DD568B52259C3487009ACD5A /* AppDelegate.swift in Sources */ = {isa = PBXBuildFile; fileRef = DD568B51259C3487009ACD5A /* AppDelegate.swift */; };
		DD568B54259C3487009ACD5A /* SceneDelegate.swift in Sources */ = {isa = PBXBuildFile; fileRef = DD568B53259C3487009ACD5A /* SceneDelegate.swift */; };
		DD568B59259C3487009ACD5A /* Main.storyboard in Resources */ = {isa = PBXBuildFile; fileRef = DD568B57259C3487009ACD5A /* Main.storyboard */; };
		DD568B5B259C3489009ACD5A /* Assets.xcassets in Resources */ = {isa = PBXBuildFile; fileRef = DD568B5A259C3489009ACD5A /* Assets.xcassets */; };
		DD568B5E259C3489009ACD5A /* LaunchScreen.storyboard in Resources */ = {isa = PBXBuildFile; fileRef = DD568B5C259C3489009ACD5A /* LaunchScreen.storyboard */; };
		DD568B69259C3489009ACD5A /* ApiTests.swift in Sources */ = {isa = PBXBuildFile; fileRef = DD568B68259C3489009ACD5A /* ApiTests.swift */; };
		DD568B90259C3882009ACD5A /* ApiClient.swift in Sources */ = {isa = PBXBuildFile; fileRef = DD568B8F259C3882009ACD5A /* ApiClient.swift */; };
		DD568B96259C3896009ACD5A /* ApiRequest.swift in Sources */ = {isa = PBXBuildFile; fileRef = DD568B95259C3896009ACD5A /* ApiRequest.swift */; };
		DD568BB6259C3E9E009ACD5A /* Endpoints.swift in Sources */ = {isa = PBXBuildFile; fileRef = DD568BB5259C3E9E009ACD5A /* Endpoints.swift */; };
		DD568BC1259C8195009ACD5A /* GetRecipeInfoResponse.swift in Sources */ = {isa = PBXBuildFile; fileRef = DD568BC0259C8195009ACD5A /* GetRecipeInfoResponse.swift */; };
		DD568BC8259C88EB009ACD5A /* SearchRecipesResponse.swift in Sources */ = {isa = PBXBuildFile; fileRef = DD568BC7259C88EB009ACD5A /* SearchRecipesResponse.swift */; };
		DD568BCE259C88FB009ACD5A /* SearchRecipesRequest.swift in Sources */ = {isa = PBXBuildFile; fileRef = DD568BCD259C88FB009ACD5A /* SearchRecipesRequest.swift */; };
		DD568BD2259C8908009ACD5A /* GetRecipeInfoRequest.swift in Sources */ = {isa = PBXBuildFile; fileRef = DD568BD1259C8908009ACD5A /* GetRecipeInfoRequest.swift */; };
		DD568BDD259C934F009ACD5A /* DtoApiError.swift in Sources */ = {isa = PBXBuildFile; fileRef = DD568BDC259C934F009ACD5A /* DtoApiError.swift */; };
		DD568BEF259D7AB1009ACD5A /* Recipe.swift in Sources */ = {isa = PBXBuildFile; fileRef = DD568BEE259D7AB1009ACD5A /* Recipe.swift */; };
		DD568BF7259D7EF1009ACD5A /* HomeUseCase.swift in Sources */ = {isa = PBXBuildFile; fileRef = DD568BF6259D7EF1009ACD5A /* HomeUseCase.swift */; };
		DD568C1D259DAB58009ACD5A /* RemoteDataSource.swift in Sources */ = {isa = PBXBuildFile; fileRef = DD568C1C259DAB58009ACD5A /* RemoteDataSource.swift */; };
		DD568C2B259DB30B009ACD5A /* GetRecipeInfo+DomainMapper.swift in Sources */ = {isa = PBXBuildFile; fileRef = DD568C2A259DB30B009ACD5A /* GetRecipeInfo+DomainMapper.swift */; };
		DD568C2F259DC98C009ACD5A /* RecipeRLM.swift in Sources */ = {isa = PBXBuildFile; fileRef = DD568C2E259DC98C009ACD5A /* RecipeRLM.swift */; };
		DD568C4A259DD97F009ACD5A /* LocaleDataSource.swift in Sources */ = {isa = PBXBuildFile; fileRef = DD568C49259DD97F009ACD5A /* LocaleDataSource.swift */; };
		DD568C5F259E0870009ACD5A /* LocaleDataSourceTest.swift in Sources */ = {isa = PBXBuildFile; fileRef = DD568C5E259E0870009ACD5A /* LocaleDataSourceTest.swift */; };
		DD568C8E259E2E85009ACD5A /* RecipeRepository.swift in Sources */ = {isa = PBXBuildFile; fileRef = DD568C8D259E2E85009ACD5A /* RecipeRepository.swift */; };
		DD568C94259ED30F009ACD5A /* RepoTest.swift in Sources */ = {isa = PBXBuildFile; fileRef = DD568C93259ED30E009ACD5A /* RepoTest.swift */; };
		DD568CC7259F32B5009ACD5A /* HomePresenter.swift in Sources */ = {isa = PBXBuildFile; fileRef = DD568CC6259F32B5009ACD5A /* HomePresenter.swift */; };
		DD568CD3259F53CE009ACD5A /* HomeRouter.swift in Sources */ = {isa = PBXBuildFile; fileRef = DD568CD2259F53CE009ACD5A /* HomeRouter.swift */; };
		DD568D06259F730A009ACD5A /* SwinjectStoryboard+Extension.swift in Sources */ = {isa = PBXBuildFile; fileRef = DD568D05259F730A009ACD5A /* SwinjectStoryboard+Extension.swift */; };
		DD568D0A259F790C009ACD5A /* HomePresenterTest.swift in Sources */ = {isa = PBXBuildFile; fileRef = DD568D09259F790C009ACD5A /* HomePresenterTest.swift */; };
		DD568D29259F852F009ACD5A /* UIView+Inspectable.swift in Sources */ = {isa = PBXBuildFile; fileRef = DD568D28259F852F009ACD5A /* UIView+Inspectable.swift */; };
		DD568D33259F85FC009ACD5A /* RecipeTableViewCell.swift in Sources */ = {isa = PBXBuildFile; fileRef = DD568D32259F85FC009ACD5A /* RecipeTableViewCell.swift */; };
		DD568D37259FEB4D009ACD5A /* RecipeCollectionViewCell.swift in Sources */ = {isa = PBXBuildFile; fileRef = DD568D36259FEB4D009ACD5A /* RecipeCollectionViewCell.swift */; };
		DD568D3B259FEB6A009ACD5A /* HomeViewController.swift in Sources */ = {isa = PBXBuildFile; fileRef = DD568D3A259FEB6A009ACD5A /* HomeViewController.swift */; };
		DD568D5525A00F31009ACD5A /* RecipeDetailsViewController.swift in Sources */ = {isa = PBXBuildFile; fileRef = DD568D5425A00F31009ACD5A /* RecipeDetailsViewController.swift */; };
		DD568D5925A01103009ACD5A /* RecipeDetailsPresenter.swift in Sources */ = {isa = PBXBuildFile; fileRef = DD568D5825A01103009ACD5A /* RecipeDetailsPresenter.swift */; };
		DD568D5D25A0112D009ACD5A /* RecipeDetailsUseCase.swift in Sources */ = {isa = PBXBuildFile; fileRef = DD568D5C25A0112D009ACD5A /* RecipeDetailsUseCase.swift */; };
		DD568D7725A0BA4F009ACD5A /* String+Html.swift in Sources */ = {isa = PBXBuildFile; fileRef = DD568D7625A0BA4F009ACD5A /* String+Html.swift */; };
		DD568D7B25A0C009009ACD5A /* FavoriteUseCase.swift in Sources */ = {isa = PBXBuildFile; fileRef = DD568D7A25A0C009009ACD5A /* FavoriteUseCase.swift */; };
		DD568D7F25A0C018009ACD5A /* FavoritePresenter.swift in Sources */ = {isa = PBXBuildFile; fileRef = DD568D7E25A0C018009ACD5A /* FavoritePresenter.swift */; };
		DD568D8325A0C02C009ACD5A /* FavoriteViewController.swift in Sources */ = {isa = PBXBuildFile; fileRef = DD568D8225A0C02B009ACD5A /* FavoriteViewController.swift */; };
		DD568D8725A0C165009ACD5A /* FavoriteRouter.swift in Sources */ = {isa = PBXBuildFile; fileRef = DD568D8625A0C165009ACD5A /* FavoriteRouter.swift */; };
/* End PBXBuildFile section */

/* Begin PBXContainerItemProxy section */
		DD568B65259C3489009ACD5A /* PBXContainerItemProxy */ = {
			isa = PBXContainerItemProxy;
			containerPortal = DD568B46259C3487009ACD5A /* Project object */;
			proxyType = 1;
			remoteGlobalIDString = DD568B4D259C3487009ACD5A;
			remoteInfo = NutriApp;
		};
/* End PBXContainerItemProxy section */

/* Begin PBXFileReference section */
		05F2B55982ED3782E2B92649 /* Pods-NutriAppTests.release.xcconfig */ = {isa = PBXFileReference; includeInIndex = 1; lastKnownFileType = text.xcconfig; name = "Pods-NutriAppTests.release.xcconfig"; path = "Target Support Files/Pods-NutriAppTests/Pods-NutriAppTests.release.xcconfig"; sourceTree = "<group>"; };
		1B05BC34A1A992BE634CC059 /* Pods_NutriApp.framework */ = {isa = PBXFileReference; explicitFileType = wrapper.framework; includeInIndex = 0; path = Pods_NutriApp.framework; sourceTree = BUILT_PRODUCTS_DIR; };
		1C863EE2CD2F3ECFE4CC1DF0 /* Pods-NutriApp.release.xcconfig */ = {isa = PBXFileReference; includeInIndex = 1; lastKnownFileType = text.xcconfig; name = "Pods-NutriApp.release.xcconfig"; path = "Target Support Files/Pods-NutriApp/Pods-NutriApp.release.xcconfig"; sourceTree = "<group>"; };
		3D79AA4CA0B8FD136F3E6BCA /* Pods-NutriAppTests.debug.xcconfig */ = {isa = PBXFileReference; includeInIndex = 1; lastKnownFileType = text.xcconfig; name = "Pods-NutriAppTests.debug.xcconfig"; path = "Target Support Files/Pods-NutriAppTests/Pods-NutriAppTests.debug.xcconfig"; sourceTree = "<group>"; };
		BB626795BC3CF678ACAB1D2B /* Pods_NutriAppTests.framework */ = {isa = PBXFileReference; explicitFileType = wrapper.framework; includeInIndex = 0; path = Pods_NutriAppTests.framework; sourceTree = BUILT_PRODUCTS_DIR; };
		DD568B4E259C3487009ACD5A /* NutriApp.app */ = {isa = PBXFileReference; explicitFileType = wrapper.application; includeInIndex = 0; path = NutriApp.app; sourceTree = BUILT_PRODUCTS_DIR; };
		DD568B51259C3487009ACD5A /* AppDelegate.swift */ = {isa = PBXFileReference; lastKnownFileType = sourcecode.swift; path = AppDelegate.swift; sourceTree = "<group>"; };
		DD568B53259C3487009ACD5A /* SceneDelegate.swift */ = {isa = PBXFileReference; lastKnownFileType = sourcecode.swift; path = SceneDelegate.swift; sourceTree = "<group>"; };
		DD568B58259C3487009ACD5A /* Base */ = {isa = PBXFileReference; lastKnownFileType = file.storyboard; name = Base; path = Base.lproj/Main.storyboard; sourceTree = "<group>"; };
		DD568B5A259C3489009ACD5A /* Assets.xcassets */ = {isa = PBXFileReference; lastKnownFileType = folder.assetcatalog; path = Assets.xcassets; sourceTree = "<group>"; };
		DD568B5D259C3489009ACD5A /* Base */ = {isa = PBXFileReference; lastKnownFileType = file.storyboard; name = Base; path = Base.lproj/LaunchScreen.storyboard; sourceTree = "<group>"; };
		DD568B5F259C3489009ACD5A /* Info.plist */ = {isa = PBXFileReference; lastKnownFileType = text.plist.xml; path = Info.plist; sourceTree = "<group>"; };
		DD568B64259C3489009ACD5A /* NutriAppTests.xctest */ = {isa = PBXFileReference; explicitFileType = wrapper.cfbundle; includeInIndex = 0; path = NutriAppTests.xctest; sourceTree = BUILT_PRODUCTS_DIR; };
		DD568B68259C3489009ACD5A /* ApiTests.swift */ = {isa = PBXFileReference; lastKnownFileType = sourcecode.swift; path = ApiTests.swift; sourceTree = "<group>"; };
		DD568B6A259C3489009ACD5A /* Info.plist */ = {isa = PBXFileReference; lastKnownFileType = text.plist.xml; path = Info.plist; sourceTree = "<group>"; };
		DD568B8F259C3882009ACD5A /* ApiClient.swift */ = {isa = PBXFileReference; lastKnownFileType = sourcecode.swift; path = ApiClient.swift; sourceTree = "<group>"; };
		DD568B95259C3896009ACD5A /* ApiRequest.swift */ = {isa = PBXFileReference; lastKnownFileType = sourcecode.swift; path = ApiRequest.swift; sourceTree = "<group>"; };
		DD568BB5259C3E9E009ACD5A /* Endpoints.swift */ = {isa = PBXFileReference; lastKnownFileType = sourcecode.swift; path = Endpoints.swift; sourceTree = "<group>"; };
		DD568BC0259C8195009ACD5A /* GetRecipeInfoResponse.swift */ = {isa = PBXFileReference; lastKnownFileType = sourcecode.swift; path = GetRecipeInfoResponse.swift; sourceTree = "<group>"; };
		DD568BC7259C88EB009ACD5A /* SearchRecipesResponse.swift */ = {isa = PBXFileReference; lastKnownFileType = sourcecode.swift; path = SearchRecipesResponse.swift; sourceTree = "<group>"; };
		DD568BCD259C88FB009ACD5A /* SearchRecipesRequest.swift */ = {isa = PBXFileReference; lastKnownFileType = sourcecode.swift; path = SearchRecipesRequest.swift; sourceTree = "<group>"; };
		DD568BD1259C8908009ACD5A /* GetRecipeInfoRequest.swift */ = {isa = PBXFileReference; lastKnownFileType = sourcecode.swift; path = GetRecipeInfoRequest.swift; sourceTree = "<group>"; };
		DD568BDC259C934F009ACD5A /* DtoApiError.swift */ = {isa = PBXFileReference; lastKnownFileType = sourcecode.swift; path = DtoApiError.swift; sourceTree = "<group>"; };
		DD568BEE259D7AB1009ACD5A /* Recipe.swift */ = {isa = PBXFileReference; lastKnownFileType = sourcecode.swift; path = Recipe.swift; sourceTree = "<group>"; };
		DD568BF6259D7EF1009ACD5A /* HomeUseCase.swift */ = {isa = PBXFileReference; lastKnownFileType = sourcecode.swift; path = HomeUseCase.swift; sourceTree = "<group>"; };
		DD568C1C259DAB58009ACD5A /* RemoteDataSource.swift */ = {isa = PBXFileReference; lastKnownFileType = sourcecode.swift; path = RemoteDataSource.swift; sourceTree = "<group>"; };
		DD568C2A259DB30B009ACD5A /* GetRecipeInfo+DomainMapper.swift */ = {isa = PBXFileReference; lastKnownFileType = sourcecode.swift; path = "GetRecipeInfo+DomainMapper.swift"; sourceTree = "<group>"; };
		DD568C2E259DC98C009ACD5A /* RecipeRLM.swift */ = {isa = PBXFileReference; lastKnownFileType = sourcecode.swift; path = RecipeRLM.swift; sourceTree = "<group>"; };
		DD568C49259DD97F009ACD5A /* LocaleDataSource.swift */ = {isa = PBXFileReference; lastKnownFileType = sourcecode.swift; path = LocaleDataSource.swift; sourceTree = "<group>"; };
		DD568C5E259E0870009ACD5A /* LocaleDataSourceTest.swift */ = {isa = PBXFileReference; lastKnownFileType = sourcecode.swift; path = LocaleDataSourceTest.swift; sourceTree = "<group>"; };
		DD568C8D259E2E85009ACD5A /* RecipeRepository.swift */ = {isa = PBXFileReference; lastKnownFileType = sourcecode.swift; path = RecipeRepository.swift; sourceTree = "<group>"; };
		DD568C93259ED30E009ACD5A /* RepoTest.swift */ = {isa = PBXFileReference; lastKnownFileType = sourcecode.swift; path = RepoTest.swift; sourceTree = "<group>"; };
		DD568CC6259F32B5009ACD5A /* HomePresenter.swift */ = {isa = PBXFileReference; lastKnownFileType = sourcecode.swift; path = HomePresenter.swift; sourceTree = "<group>"; };
		DD568CD2259F53CE009ACD5A /* HomeRouter.swift */ = {isa = PBXFileReference; lastKnownFileType = sourcecode.swift; path = HomeRouter.swift; sourceTree = "<group>"; };
		DD568D05259F730A009ACD5A /* SwinjectStoryboard+Extension.swift */ = {isa = PBXFileReference; lastKnownFileType = sourcecode.swift; path = "SwinjectStoryboard+Extension.swift"; sourceTree = "<group>"; };
		DD568D09259F790C009ACD5A /* HomePresenterTest.swift */ = {isa = PBXFileReference; lastKnownFileType = sourcecode.swift; path = HomePresenterTest.swift; sourceTree = "<group>"; };
		DD568D28259F852F009ACD5A /* UIView+Inspectable.swift */ = {isa = PBXFileReference; lastKnownFileType = sourcecode.swift; path = "UIView+Inspectable.swift"; sourceTree = "<group>"; };
		DD568D32259F85FC009ACD5A /* RecipeTableViewCell.swift */ = {isa = PBXFileReference; lastKnownFileType = sourcecode.swift; path = RecipeTableViewCell.swift; sourceTree = "<group>"; };
		DD568D36259FEB4D009ACD5A /* RecipeCollectionViewCell.swift */ = {isa = PBXFileReference; lastKnownFileType = sourcecode.swift; path = RecipeCollectionViewCell.swift; sourceTree = "<group>"; };
		DD568D3A259FEB6A009ACD5A /* HomeViewController.swift */ = {isa = PBXFileReference; lastKnownFileType = sourcecode.swift; path = HomeViewController.swift; sourceTree = "<group>"; };
		DD568D5425A00F31009ACD5A /* RecipeDetailsViewController.swift */ = {isa = PBXFileReference; lastKnownFileType = sourcecode.swift; path = RecipeDetailsViewController.swift; sourceTree = "<group>"; };
		DD568D5825A01103009ACD5A /* RecipeDetailsPresenter.swift */ = {isa = PBXFileReference; lastKnownFileType = sourcecode.swift; path = RecipeDetailsPresenter.swift; sourceTree = "<group>"; };
		DD568D5C25A0112D009ACD5A /* RecipeDetailsUseCase.swift */ = {isa = PBXFileReference; lastKnownFileType = sourcecode.swift; path = RecipeDetailsUseCase.swift; sourceTree = "<group>"; };
		DD568D7625A0BA4F009ACD5A /* String+Html.swift */ = {isa = PBXFileReference; lastKnownFileType = sourcecode.swift; path = "String+Html.swift"; sourceTree = "<group>"; };
		DD568D7A25A0C009009ACD5A /* FavoriteUseCase.swift */ = {isa = PBXFileReference; lastKnownFileType = sourcecode.swift; path = FavoriteUseCase.swift; sourceTree = "<group>"; };
		DD568D7E25A0C018009ACD5A /* FavoritePresenter.swift */ = {isa = PBXFileReference; lastKnownFileType = sourcecode.swift; path = FavoritePresenter.swift; sourceTree = "<group>"; };
		DD568D8225A0C02B009ACD5A /* FavoriteViewController.swift */ = {isa = PBXFileReference; lastKnownFileType = sourcecode.swift; path = FavoriteViewController.swift; sourceTree = "<group>"; };
		DD568D8625A0C165009ACD5A /* FavoriteRouter.swift */ = {isa = PBXFileReference; lastKnownFileType = sourcecode.swift; path = FavoriteRouter.swift; sourceTree = "<group>"; };
		E0FB5CD48EDE21F1C2FC0B14 /* Pods-NutriApp.debug.xcconfig */ = {isa = PBXFileReference; includeInIndex = 1; lastKnownFileType = text.xcconfig; name = "Pods-NutriApp.debug.xcconfig"; path = "Target Support Files/Pods-NutriApp/Pods-NutriApp.debug.xcconfig"; sourceTree = "<group>"; };
/* End PBXFileReference section */

/* Begin PBXFrameworksBuildPhase section */
		DD568B4B259C3487009ACD5A /* Frameworks */ = {
			isa = PBXFrameworksBuildPhase;
			buildActionMask = 2147483647;
			files = (
				7553F0D574326275DE4483F2 /* Pods_NutriApp.framework in Frameworks */,
			);
			runOnlyForDeploymentPostprocessing = 0;
		};
		DD568B61259C3489009ACD5A /* Frameworks */ = {
			isa = PBXFrameworksBuildPhase;
			buildActionMask = 2147483647;
			files = (
				BE8E581ADC8ACF53540F36F3 /* Pods_NutriAppTests.framework in Frameworks */,
			);
			runOnlyForDeploymentPostprocessing = 0;
		};
/* End PBXFrameworksBuildPhase section */

/* Begin PBXGroup section */
		3F37991B1DD6757C3D2D6223 /* Frameworks */ = {
			isa = PBXGroup;
			children = (
				1B05BC34A1A992BE634CC059 /* Pods_NutriApp.framework */,
				BB626795BC3CF678ACAB1D2B /* Pods_NutriAppTests.framework */,
			);
			name = Frameworks;
			sourceTree = "<group>";
		};
		DD568B45259C3487009ACD5A = {
			isa = PBXGroup;
			children = (
				DD568B50259C3487009ACD5A /* NutriApp */,
				DD568B67259C3489009ACD5A /* NutriAppTests */,
				DD568B4F259C3487009ACD5A /* Products */,
				F2FF5B259292E7CEAA05CB98 /* Pods */,
				3F37991B1DD6757C3D2D6223 /* Frameworks */,
			);
			sourceTree = "<group>";
		};
		DD568B4F259C3487009ACD5A /* Products */ = {
			isa = PBXGroup;
			children = (
				DD568B4E259C3487009ACD5A /* NutriApp.app */,
				DD568B64259C3489009ACD5A /* NutriAppTests.xctest */,
			);
			name = Products;
			sourceTree = "<group>";
		};
		DD568B50259C3487009ACD5A /* NutriApp */ = {
			isa = PBXGroup;
			children = (
				DD568BE0259CA4EB009ACD5A /* Modules */,
				DD568B86259C34B1009ACD5A /* Common */,
				DD568B5A259C3489009ACD5A /* Assets.xcassets */,
				DD568B5C259C3489009ACD5A /* LaunchScreen.storyboard */,
				DD568B5F259C3489009ACD5A /* Info.plist */,
			);
			path = NutriApp;
			sourceTree = "<group>";
		};
		DD568B67259C3489009ACD5A /* NutriAppTests */ = {
			isa = PBXGroup;
			children = (
				DD568B68259C3489009ACD5A /* ApiTests.swift */,
				DD568C5E259E0870009ACD5A /* LocaleDataSourceTest.swift */,
				DD568C93259ED30E009ACD5A /* RepoTest.swift */,
				DD568B6A259C3489009ACD5A /* Info.plist */,
				DD568D09259F790C009ACD5A /* HomePresenterTest.swift */,
			);
			path = NutriAppTests;
			sourceTree = "<group>";
		};
		DD568B86259C34B1009ACD5A /* Common */ = {
			isa = PBXGroup;
			children = (
				DD568D27259F8514009ACD5A /* Utils */,
				DD568BE3259CA547009ACD5A /* Core */,
				DD568C1A259DAAE6009ACD5A /* Data */,
				DD568B87259C34B8009ACD5A /* App */,
			);
			path = Common;
			sourceTree = "<group>";
		};
		DD568B87259C34B8009ACD5A /* App */ = {
			isa = PBXGroup;
			children = (
				DD568B51259C3487009ACD5A /* AppDelegate.swift */,
				DD568B53259C3487009ACD5A /* SceneDelegate.swift */,
				DD568D05259F730A009ACD5A /* SwinjectStoryboard+Extension.swift */,
			);
			path = App;
			sourceTree = "<group>";
		};
		DD568B8E259C3866009ACD5A /* Api */ = {
			isa = PBXGroup;
			children = (
				DD568BAB259C3E40009ACD5A /* Requests */,
				DD568B8F259C3882009ACD5A /* ApiClient.swift */,
				DD568B95259C3896009ACD5A /* ApiRequest.swift */,
				DD568C1C259DAB58009ACD5A /* RemoteDataSource.swift */,
			);
			path = Api;
			sourceTree = "<group>";
		};
		DD568BAB259C3E40009ACD5A /* Requests */ = {
			isa = PBXGroup;
			children = (
				DD568BC6259C88CF009ACD5A /* SearchRecipes */,
				DD568BBF259C8183009ACD5A /* GetRecipeInfo */,
				DD568BB5259C3E9E009ACD5A /* Endpoints.swift */,
				DD568BDC259C934F009ACD5A /* DtoApiError.swift */,
			);
			path = Requests;
			sourceTree = "<group>";
		};
		DD568BBF259C8183009ACD5A /* GetRecipeInfo */ = {
			isa = PBXGroup;
			children = (
				DD568BC0259C8195009ACD5A /* GetRecipeInfoResponse.swift */,
				DD568BD1259C8908009ACD5A /* GetRecipeInfoRequest.swift */,
				DD568C2A259DB30B009ACD5A /* GetRecipeInfo+DomainMapper.swift */,
			);
			path = GetRecipeInfo;
			sourceTree = "<group>";
		};
		DD568BC6259C88CF009ACD5A /* SearchRecipes */ = {
			isa = PBXGroup;
			children = (
				DD568BC7259C88EB009ACD5A /* SearchRecipesResponse.swift */,
				DD568BCD259C88FB009ACD5A /* SearchRecipesRequest.swift */,
			);
			path = SearchRecipes;
			sourceTree = "<group>";
		};
		DD568BE0259CA4EB009ACD5A /* Modules */ = {
			isa = PBXGroup;
			children = (
				DD568CC5259F0585009ACD5A /* Favorite */,
				DD568CC4259F057F009ACD5A /* Details */,
				DD568CC3259F0575009ACD5A /* Home */,
				DD568B57259C3487009ACD5A /* Main.storyboard */,
			);
			path = Modules;
			sourceTree = "<group>";
		};
		DD568BE3259CA547009ACD5A /* Core */ = {
			isa = PBXGroup;
			children = (
				DD568BE4259CA562009ACD5A /* Domain */,
			);
			path = Core;
			sourceTree = "<group>";
		};
		DD568BE4259CA562009ACD5A /* Domain */ = {
			isa = PBXGroup;
			children = (
				DD568BE9259D79B3009ACD5A /* Model */,
			);
			path = Domain;
			sourceTree = "<group>";
		};
		DD568BE9259D79B3009ACD5A /* Model */ = {
			isa = PBXGroup;
			children = (
				DD568BEE259D7AB1009ACD5A /* Recipe.swift */,
			);
			path = Model;
			sourceTree = "<group>";
		};
		DD568C19259DAAD1009ACD5A /* Locale */ = {
			isa = PBXGroup;
			children = (
				DD568C1B259DAB16009ACD5A /* Entity */,
				DD568C49259DD97F009ACD5A /* LocaleDataSource.swift */,
			);
			path = Locale;
			sourceTree = "<group>";
		};
		DD568C1A259DAAE6009ACD5A /* Data */ = {
			isa = PBXGroup;
			children = (
				DD568B8E259C3866009ACD5A /* Api */,
				DD568C19259DAAD1009ACD5A /* Locale */,
				DD568C8D259E2E85009ACD5A /* RecipeRepository.swift */,
			);
			path = Data;
			sourceTree = "<group>";
		};
		DD568C1B259DAB16009ACD5A /* Entity */ = {
			isa = PBXGroup;
			children = (
				DD568C2E259DC98C009ACD5A /* RecipeRLM.swift */,
			);
			path = Entity;
			sourceTree = "<group>";
		};
		DD568CC3259F0575009ACD5A /* Home */ = {
			isa = PBXGroup;
			children = (
				DD568D3A259FEB6A009ACD5A /* HomeViewController.swift */,
				DD568CC6259F32B5009ACD5A /* HomePresenter.swift */,
				DD568BF6259D7EF1009ACD5A /* HomeUseCase.swift */,
				DD568CD2259F53CE009ACD5A /* HomeRouter.swift */,
				DD568D32259F85FC009ACD5A /* RecipeTableViewCell.swift */,
				DD568D36259FEB4D009ACD5A /* RecipeCollectionViewCell.swift */,
			);
			path = Home;
			sourceTree = "<group>";
		};
		DD568CC4259F057F009ACD5A /* Details */ = {
			isa = PBXGroup;
			children = (
				DD568D5425A00F31009ACD5A /* RecipeDetailsViewController.swift */,
				DD568D5825A01103009ACD5A /* RecipeDetailsPresenter.swift */,
				DD568D5C25A0112D009ACD5A /* RecipeDetailsUseCase.swift */,
			);
			path = Details;
			sourceTree = "<group>";
		};
		DD568CC5259F0585009ACD5A /* Favorite */ = {
			isa = PBXGroup;
			children = (
				DD568D8225A0C02B009ACD5A /* FavoriteViewController.swift */,
				DD568D7A25A0C009009ACD5A /* FavoriteUseCase.swift */,
				DD568D7E25A0C018009ACD5A /* FavoritePresenter.swift */,
				DD568D8625A0C165009ACD5A /* FavoriteRouter.swift */,
			);
			path = Favorite;
			sourceTree = "<group>";
		};
		DD568D27259F8514009ACD5A /* Utils */ = {
			isa = PBXGroup;
			children = (
				DD568D28259F852F009ACD5A /* UIView+Inspectable.swift */,
				DD568D7625A0BA4F009ACD5A /* String+Html.swift */,
			);
			path = Utils;
			sourceTree = "<group>";
		};
		F2FF5B259292E7CEAA05CB98 /* Pods */ = {
			isa = PBXGroup;
			children = (
				E0FB5CD48EDE21F1C2FC0B14 /* Pods-NutriApp.debug.xcconfig */,
				1C863EE2CD2F3ECFE4CC1DF0 /* Pods-NutriApp.release.xcconfig */,
				3D79AA4CA0B8FD136F3E6BCA /* Pods-NutriAppTests.debug.xcconfig */,
				05F2B55982ED3782E2B92649 /* Pods-NutriAppTests.release.xcconfig */,
			);
			path = Pods;
			sourceTree = "<group>";
		};
/* End PBXGroup section */

/* Begin PBXNativeTarget section */
		DD568B4D259C3487009ACD5A /* NutriApp */ = {
			isa = PBXNativeTarget;
			buildConfigurationList = DD568B78259C3489009ACD5A /* Build configuration list for PBXNativeTarget "NutriApp" */;
			buildPhases = (
				F10BC4D9EE3CB4D701869878 /* [CP] Check Pods Manifest.lock */,
				DD568B4A259C3487009ACD5A /* Sources */,
				DD568B4B259C3487009ACD5A /* Frameworks */,
				DD568B4C259C3487009ACD5A /* Resources */,
				9AC92A2477EB02E984B425A3 /* [CP] Embed Pods Frameworks */,
				DD568C34259DCADA009ACD5A /* ShellScript */,
			);
			buildRules = (
			);
			dependencies = (
			);
			name = NutriApp;
			productName = NutriApp;
			productReference = DD568B4E259C3487009ACD5A /* NutriApp.app */;
			productType = "com.apple.product-type.application";
		};
		DD568B63259C3489009ACD5A /* NutriAppTests */ = {
			isa = PBXNativeTarget;
			buildConfigurationList = DD568B7B259C3489009ACD5A /* Build configuration list for PBXNativeTarget "NutriAppTests" */;
			buildPhases = (
				E8B47BE3C50AA64EEAB2D514 /* [CP] Check Pods Manifest.lock */,
				DD568B60259C3489009ACD5A /* Sources */,
				DD568B61259C3489009ACD5A /* Frameworks */,
				DD568B62259C3489009ACD5A /* Resources */,
				B40614FB6633A5D3A0DB3DDB /* [CP] Embed Pods Frameworks */,
			);
			buildRules = (
			);
			dependencies = (
				DD568B66259C3489009ACD5A /* PBXTargetDependency */,
			);
			name = NutriAppTests;
			productName = NutriAppTests;
			productReference = DD568B64259C3489009ACD5A /* NutriAppTests.xctest */;
			productType = "com.apple.product-type.bundle.unit-test";
		};
/* End PBXNativeTarget section */

/* Begin PBXProject section */
		DD568B46259C3487009ACD5A /* Project object */ = {
			isa = PBXProject;
			attributes = {
				LastSwiftUpdateCheck = 1220;
				LastUpgradeCheck = 1220;
				TargetAttributes = {
					DD568B4D259C3487009ACD5A = {
						CreatedOnToolsVersion = 12.2;
					};
					DD568B63259C3489009ACD5A = {
						CreatedOnToolsVersion = 12.2;
						TestTargetID = DD568B4D259C3487009ACD5A;
					};
				};
			};
			buildConfigurationList = DD568B49259C3487009ACD5A /* Build configuration list for PBXProject "NutriApp" */;
			compatibilityVersion = "Xcode 9.3";
			developmentRegion = en;
			hasScannedForEncodings = 0;
			knownRegions = (
				en,
				Base,
			);
			mainGroup = DD568B45259C3487009ACD5A;
			productRefGroup = DD568B4F259C3487009ACD5A /* Products */;
			projectDirPath = "";
			projectRoot = "";
			targets = (
				DD568B4D259C3487009ACD5A /* NutriApp */,
				DD568B63259C3489009ACD5A /* NutriAppTests */,
			);
		};
/* End PBXProject section */

/* Begin PBXResourcesBuildPhase section */
		DD568B4C259C3487009ACD5A /* Resources */ = {
			isa = PBXResourcesBuildPhase;
			buildActionMask = 2147483647;
			files = (
				DD568B5E259C3489009ACD5A /* LaunchScreen.storyboard in Resources */,
				DD568B5B259C3489009ACD5A /* Assets.xcassets in Resources */,
				DD568B59259C3487009ACD5A /* Main.storyboard in Resources */,
			);
			runOnlyForDeploymentPostprocessing = 0;
		};
		DD568B62259C3489009ACD5A /* Resources */ = {
			isa = PBXResourcesBuildPhase;
			buildActionMask = 2147483647;
			files = (
			);
			runOnlyForDeploymentPostprocessing = 0;
		};
/* End PBXResourcesBuildPhase section */

/* Begin PBXShellScriptBuildPhase section */
		9AC92A2477EB02E984B425A3 /* [CP] Embed Pods Frameworks */ = {
			isa = PBXShellScriptBuildPhase;
			buildActionMask = 2147483647;
			files = (
			);
			inputFileListPaths = (
				"${PODS_ROOT}/Target Support Files/Pods-NutriApp/Pods-NutriApp-frameworks-${CONFIGURATION}-input-files.xcfilelist",
			);
			name = "[CP] Embed Pods Frameworks";
			outputFileListPaths = (
				"${PODS_ROOT}/Target Support Files/Pods-NutriApp/Pods-NutriApp-frameworks-${CONFIGURATION}-output-files.xcfilelist",
			);
			runOnlyForDeploymentPostprocessing = 0;
			shellPath = /bin/sh;
			shellScript = "\"${PODS_ROOT}/Target Support Files/Pods-NutriApp/Pods-NutriApp-frameworks.sh\"\n";
			showEnvVarsInLog = 0;
		};
		B40614FB6633A5D3A0DB3DDB /* [CP] Embed Pods Frameworks */ = {
			isa = PBXShellScriptBuildPhase;
			buildActionMask = 2147483647;
			files = (
			);
			inputFileListPaths = (
				"${PODS_ROOT}/Target Support Files/Pods-NutriAppTests/Pods-NutriAppTests-frameworks-${CONFIGURATION}-input-files.xcfilelist",
			);
			name = "[CP] Embed Pods Frameworks";
			outputFileListPaths = (
				"${PODS_ROOT}/Target Support Files/Pods-NutriAppTests/Pods-NutriAppTests-frameworks-${CONFIGURATION}-output-files.xcfilelist",
			);
			runOnlyForDeploymentPostprocessing = 0;
			shellPath = /bin/sh;
			shellScript = "\"${PODS_ROOT}/Target Support Files/Pods-NutriAppTests/Pods-NutriAppTests-frameworks.sh\"\n";
			showEnvVarsInLog = 0;
		};
		DD568C34259DCADA009ACD5A /* ShellScript */ = {
			isa = PBXShellScriptBuildPhase;
			buildActionMask = 2147483647;
			files = (
			);
			inputFileListPaths = (
			);
			inputPaths = (
			);
			outputFileListPaths = (
			);
			outputPaths = (
			);
			runOnlyForDeploymentPostprocessing = 0;
			shellPath = /bin/sh;
			shellScript = "# Type a script or drag a\n#${PODS_ROOT}/SwiftLint/swiftlint\n";
		};
		E8B47BE3C50AA64EEAB2D514 /* [CP] Check Pods Manifest.lock */ = {
			isa = PBXShellScriptBuildPhase;
			buildActionMask = 2147483647;
			files = (
			);
			inputFileListPaths = (
			);
			inputPaths = (
				"${PODS_PODFILE_DIR_PATH}/Podfile.lock",
				"${PODS_ROOT}/Manifest.lock",
			);
			name = "[CP] Check Pods Manifest.lock";
			outputFileListPaths = (
			);
			outputPaths = (
				"$(DERIVED_FILE_DIR)/Pods-NutriAppTests-checkManifestLockResult.txt",
			);
			runOnlyForDeploymentPostprocessing = 0;
			shellPath = /bin/sh;
			shellScript = "diff \"${PODS_PODFILE_DIR_PATH}/Podfile.lock\" \"${PODS_ROOT}/Manifest.lock\" > /dev/null\nif [ $? != 0 ] ; then\n    # print error to STDERR\n    echo \"error: The sandbox is not in sync with the Podfile.lock. Run 'pod install' or update your CocoaPods installation.\" >&2\n    exit 1\nfi\n# This output is used by Xcode 'outputs' to avoid re-running this script phase.\necho \"SUCCESS\" > \"${SCRIPT_OUTPUT_FILE_0}\"\n";
			showEnvVarsInLog = 0;
		};
		F10BC4D9EE3CB4D701869878 /* [CP] Check Pods Manifest.lock */ = {
			isa = PBXShellScriptBuildPhase;
			buildActionMask = 2147483647;
			files = (
			);
			inputFileListPaths = (
			);
			inputPaths = (
				"${PODS_PODFILE_DIR_PATH}/Podfile.lock",
				"${PODS_ROOT}/Manifest.lock",
			);
			name = "[CP] Check Pods Manifest.lock";
			outputFileListPaths = (
			);
			outputPaths = (
				"$(DERIVED_FILE_DIR)/Pods-NutriApp-checkManifestLockResult.txt",
			);
			runOnlyForDeploymentPostprocessing = 0;
			shellPath = /bin/sh;
			shellScript = "diff \"${PODS_PODFILE_DIR_PATH}/Podfile.lock\" \"${PODS_ROOT}/Manifest.lock\" > /dev/null\nif [ $? != 0 ] ; then\n    # print error to STDERR\n    echo \"error: The sandbox is not in sync with the Podfile.lock. Run 'pod install' or update your CocoaPods installation.\" >&2\n    exit 1\nfi\n# This output is used by Xcode 'outputs' to avoid re-running this script phase.\necho \"SUCCESS\" > \"${SCRIPT_OUTPUT_FILE_0}\"\n";
			showEnvVarsInLog = 0;
		};
/* End PBXShellScriptBuildPhase section */

/* Begin PBXSourcesBuildPhase section */
		DD568B4A259C3487009ACD5A /* Sources */ = {
			isa = PBXSourcesBuildPhase;
			buildActionMask = 2147483647;
			files = (
				DD568D5925A01103009ACD5A /* RecipeDetailsPresenter.swift in Sources */,
				DD568BDD259C934F009ACD5A /* DtoApiError.swift in Sources */,
				DD568BD2259C8908009ACD5A /* GetRecipeInfoRequest.swift in Sources */,
				DD568D5525A00F31009ACD5A /* RecipeDetailsViewController.swift in Sources */,
				DD568BC8259C88EB009ACD5A /* SearchRecipesResponse.swift in Sources */,
				DD568D37259FEB4D009ACD5A /* RecipeCollectionViewCell.swift in Sources */,
				DD568D3B259FEB6A009ACD5A /* HomeViewController.swift in Sources */,
				DD568D29259F852F009ACD5A /* UIView+Inspectable.swift in Sources */,
				DD568B52259C3487009ACD5A /* AppDelegate.swift in Sources */,
				DD568BCE259C88FB009ACD5A /* SearchRecipesRequest.swift in Sources */,
				DD568B54259C3487009ACD5A /* SceneDelegate.swift in Sources */,
				DD568D7F25A0C018009ACD5A /* FavoritePresenter.swift in Sources */,
				DD568D06259F730A009ACD5A /* SwinjectStoryboard+Extension.swift in Sources */,
				DD568D7B25A0C009009ACD5A /* FavoriteUseCase.swift in Sources */,
				DD568D7725A0BA4F009ACD5A /* String+Html.swift in Sources */,
				DD568D33259F85FC009ACD5A /* RecipeTableViewCell.swift in Sources */,
				DD568C8E259E2E85009ACD5A /* RecipeRepository.swift in Sources */,
				DD568CD3259F53CE009ACD5A /* HomeRouter.swift in Sources */,
				DD568D5D25A0112D009ACD5A /* RecipeDetailsUseCase.swift in Sources */,
				DD568BC1259C8195009ACD5A /* GetRecipeInfoResponse.swift in Sources */,
				DD568C2F259DC98C009ACD5A /* RecipeRLM.swift in Sources */,
				DD568D8325A0C02C009ACD5A /* FavoriteViewController.swift in Sources */,
				DD568C2B259DB30B009ACD5A /* GetRecipeInfo+DomainMapper.swift in Sources */,
				DD568B96259C3896009ACD5A /* ApiRequest.swift in Sources */,
				DD568C4A259DD97F009ACD5A /* LocaleDataSource.swift in Sources */,
				DD568D8725A0C165009ACD5A /* FavoriteRouter.swift in Sources */,
				DD568BB6259C3E9E009ACD5A /* Endpoints.swift in Sources */,
				DD568C1D259DAB58009ACD5A /* RemoteDataSource.swift in Sources */,
				DD568B90259C3882009ACD5A /* ApiClient.swift in Sources */,
				DD568BEF259D7AB1009ACD5A /* Recipe.swift in Sources */,
				DD568BF7259D7EF1009ACD5A /* HomeUseCase.swift in Sources */,
				DD568CC7259F32B5009ACD5A /* HomePresenter.swift in Sources */,
			);
			runOnlyForDeploymentPostprocessing = 0;
		};
		DD568B60259C3489009ACD5A /* Sources */ = {
			isa = PBXSourcesBuildPhase;
			buildActionMask = 2147483647;
			files = (
				DD568C5F259E0870009ACD5A /* LocaleDataSourceTest.swift in Sources */,
				DD568B69259C3489009ACD5A /* ApiTests.swift in Sources */,
				DD568C94259ED30F009ACD5A /* RepoTest.swift in Sources */,
				DD568D0A259F790C009ACD5A /* HomePresenterTest.swift in Sources */,
			);
			runOnlyForDeploymentPostprocessing = 0;
		};
/* End PBXSourcesBuildPhase section */

/* Begin PBXTargetDependency section */
		DD568B66259C3489009ACD5A /* PBXTargetDependency */ = {
			isa = PBXTargetDependency;
			target = DD568B4D259C3487009ACD5A /* NutriApp */;
			targetProxy = DD568B65259C3489009ACD5A /* PBXContainerItemProxy */;
		};
/* End PBXTargetDependency section */

/* Begin PBXVariantGroup section */
		DD568B57259C3487009ACD5A /* Main.storyboard */ = {
			isa = PBXVariantGroup;
			children = (
				DD568B58259C3487009ACD5A /* Base */,
			);
			name = Main.storyboard;
			sourceTree = "<group>";
		};
		DD568B5C259C3489009ACD5A /* LaunchScreen.storyboard */ = {
			isa = PBXVariantGroup;
			children = (
				DD568B5D259C3489009ACD5A /* Base */,
			);
			name = LaunchScreen.storyboard;
			sourceTree = "<group>";
		};
/* End PBXVariantGroup section */

/* Begin XCBuildConfiguration section */
		DD568B76259C3489009ACD5A /* Debug */ = {
			isa = XCBuildConfiguration;
			buildSettings = {
				ALWAYS_SEARCH_USER_PATHS = NO;
				CLANG_ANALYZER_NONNULL = YES;
				CLANG_ANALYZER_NUMBER_OBJECT_CONVERSION = YES_AGGRESSIVE;
				CLANG_CXX_LANGUAGE_STANDARD = "gnu++14";
				CLANG_CXX_LIBRARY = "libc++";
				CLANG_ENABLE_MODULES = YES;
				CLANG_ENABLE_OBJC_ARC = YES;
				CLANG_ENABLE_OBJC_WEAK = YES;
				CLANG_WARN_BLOCK_CAPTURE_AUTORELEASING = YES;
				CLANG_WARN_BOOL_CONVERSION = YES;
				CLANG_WARN_COMMA = YES;
				CLANG_WARN_CONSTANT_CONVERSION = YES;
				CLANG_WARN_DEPRECATED_OBJC_IMPLEMENTATIONS = YES;
				CLANG_WARN_DIRECT_OBJC_ISA_USAGE = YES_ERROR;
				CLANG_WARN_DOCUMENTATION_COMMENTS = YES;
				CLANG_WARN_EMPTY_BODY = YES;
				CLANG_WARN_ENUM_CONVERSION = YES;
				CLANG_WARN_INFINITE_RECURSION = YES;
				CLANG_WARN_INT_CONVERSION = YES;
				CLANG_WARN_NON_LITERAL_NULL_CONVERSION = YES;
				CLANG_WARN_OBJC_IMPLICIT_RETAIN_SELF = YES;
				CLANG_WARN_OBJC_LITERAL_CONVERSION = YES;
				CLANG_WARN_OBJC_ROOT_CLASS = YES_ERROR;
				CLANG_WARN_QUOTED_INCLUDE_IN_FRAMEWORK_HEADER = YES;
				CLANG_WARN_RANGE_LOOP_ANALYSIS = YES;
				CLANG_WARN_STRICT_PROTOTYPES = YES;
				CLANG_WARN_SUSPICIOUS_MOVE = YES;
				CLANG_WARN_UNGUARDED_AVAILABILITY = YES_AGGRESSIVE;
				CLANG_WARN_UNREACHABLE_CODE = YES;
				CLANG_WARN__DUPLICATE_METHOD_MATCH = YES;
				COPY_PHASE_STRIP = NO;
				DEBUG_INFORMATION_FORMAT = dwarf;
				ENABLE_STRICT_OBJC_MSGSEND = YES;
				ENABLE_TESTABILITY = YES;
				GCC_C_LANGUAGE_STANDARD = gnu11;
				GCC_DYNAMIC_NO_PIC = NO;
				GCC_NO_COMMON_BLOCKS = YES;
				GCC_OPTIMIZATION_LEVEL = 0;
				GCC_PREPROCESSOR_DEFINITIONS = (
					"DEBUG=1",
					"$(inherited)",
				);
				GCC_WARN_64_TO_32_BIT_CONVERSION = YES;
				GCC_WARN_ABOUT_RETURN_TYPE = YES_ERROR;
				GCC_WARN_UNDECLARED_SELECTOR = YES;
				GCC_WARN_UNINITIALIZED_AUTOS = YES_AGGRESSIVE;
				GCC_WARN_UNUSED_FUNCTION = YES;
				GCC_WARN_UNUSED_VARIABLE = YES;
				IPHONEOS_DEPLOYMENT_TARGET = 14.2;
				MTL_ENABLE_DEBUG_INFO = INCLUDE_SOURCE;
				MTL_FAST_MATH = YES;
				ONLY_ACTIVE_ARCH = YES;
				SDKROOT = iphoneos;
				SWIFT_ACTIVE_COMPILATION_CONDITIONS = DEBUG;
				SWIFT_OPTIMIZATION_LEVEL = "-Onone";
			};
			name = Debug;
		};
		DD568B77259C3489009ACD5A /* Release */ = {
			isa = XCBuildConfiguration;
			buildSettings = {
				ALWAYS_SEARCH_USER_PATHS = NO;
				CLANG_ANALYZER_NONNULL = YES;
				CLANG_ANALYZER_NUMBER_OBJECT_CONVERSION = YES_AGGRESSIVE;
				CLANG_CXX_LANGUAGE_STANDARD = "gnu++14";
				CLANG_CXX_LIBRARY = "libc++";
				CLANG_ENABLE_MODULES = YES;
				CLANG_ENABLE_OBJC_ARC = YES;
				CLANG_ENABLE_OBJC_WEAK = YES;
				CLANG_WARN_BLOCK_CAPTURE_AUTORELEASING = YES;
				CLANG_WARN_BOOL_CONVERSION = YES;
				CLANG_WARN_COMMA = YES;
				CLANG_WARN_CONSTANT_CONVERSION = YES;
				CLANG_WARN_DEPRECATED_OBJC_IMPLEMENTATIONS = YES;
				CLANG_WARN_DIRECT_OBJC_ISA_USAGE = YES_ERROR;
				CLANG_WARN_DOCUMENTATION_COMMENTS = YES;
				CLANG_WARN_EMPTY_BODY = YES;
				CLANG_WARN_ENUM_CONVERSION = YES;
				CLANG_WARN_INFINITE_RECURSION = YES;
				CLANG_WARN_INT_CONVERSION = YES;
				CLANG_WARN_NON_LITERAL_NULL_CONVERSION = YES;
				CLANG_WARN_OBJC_IMPLICIT_RETAIN_SELF = YES;
				CLANG_WARN_OBJC_LITERAL_CONVERSION = YES;
				CLANG_WARN_OBJC_ROOT_CLASS = YES_ERROR;
				CLANG_WARN_QUOTED_INCLUDE_IN_FRAMEWORK_HEADER = YES;
				CLANG_WARN_RANGE_LOOP_ANALYSIS = YES;
				CLANG_WARN_STRICT_PROTOTYPES = YES;
				CLANG_WARN_SUSPICIOUS_MOVE = YES;
				CLANG_WARN_UNGUARDED_AVAILABILITY = YES_AGGRESSIVE;
				CLANG_WARN_UNREACHABLE_CODE = YES;
				CLANG_WARN__DUPLICATE_METHOD_MATCH = YES;
				COPY_PHASE_STRIP = NO;
				DEBUG_INFORMATION_FORMAT = "dwarf-with-dsym";
				ENABLE_NS_ASSERTIONS = NO;
				ENABLE_STRICT_OBJC_MSGSEND = YES;
				GCC_C_LANGUAGE_STANDARD = gnu11;
				GCC_NO_COMMON_BLOCKS = YES;
				GCC_WARN_64_TO_32_BIT_CONVERSION = YES;
				GCC_WARN_ABOUT_RETURN_TYPE = YES_ERROR;
				GCC_WARN_UNDECLARED_SELECTOR = YES;
				GCC_WARN_UNINITIALIZED_AUTOS = YES_AGGRESSIVE;
				GCC_WARN_UNUSED_FUNCTION = YES;
				GCC_WARN_UNUSED_VARIABLE = YES;
				IPHONEOS_DEPLOYMENT_TARGET = 14.2;
				MTL_ENABLE_DEBUG_INFO = NO;
				MTL_FAST_MATH = YES;
				SDKROOT = iphoneos;
				SWIFT_COMPILATION_MODE = wholemodule;
				SWIFT_OPTIMIZATION_LEVEL = "-O";
				VALIDATE_PRODUCT = YES;
			};
			name = Release;
		};
		DD568B79259C3489009ACD5A /* Debug */ = {
			isa = XCBuildConfiguration;
			baseConfigurationReference = E0FB5CD48EDE21F1C2FC0B14 /* Pods-NutriApp.debug.xcconfig */;
			buildSettings = {
				ASSETCATALOG_COMPILER_APPICON_NAME = AppIcon;
				ASSETCATALOG_COMPILER_GLOBAL_ACCENT_COLOR_NAME = AccentColor;
				CODE_SIGN_STYLE = Automatic;
				INFOPLIST_FILE = NutriApp/Info.plist;
				LD_RUNPATH_SEARCH_PATHS = (
					"$(inherited)",
					"@executable_path/Frameworks",
				);
				PRODUCT_BUNDLE_IDENTIFIER = fahim.NutriApp;
				PRODUCT_NAME = "$(TARGET_NAME)";
				SWIFT_VERSION = 5.0;
				TARGETED_DEVICE_FAMILY = "1,2";
			};
			name = Debug;
		};
		DD568B7A259C3489009ACD5A /* Release */ = {
			isa = XCBuildConfiguration;
			baseConfigurationReference = 1C863EE2CD2F3ECFE4CC1DF0 /* Pods-NutriApp.release.xcconfig */;
			buildSettings = {
				ASSETCATALOG_COMPILER_APPICON_NAME = AppIcon;
				ASSETCATALOG_COMPILER_GLOBAL_ACCENT_COLOR_NAME = AccentColor;
				CODE_SIGN_STYLE = Automatic;
				INFOPLIST_FILE = NutriApp/Info.plist;
				LD_RUNPATH_SEARCH_PATHS = (
					"$(inherited)",
					"@executable_path/Frameworks",
				);
				PRODUCT_BUNDLE_IDENTIFIER = fahim.NutriApp;
				PRODUCT_NAME = "$(TARGET_NAME)";
				SWIFT_VERSION = 5.0;
				TARGETED_DEVICE_FAMILY = "1,2";
			};
			name = Release;
		};
		DD568B7C259C3489009ACD5A /* Debug */ = {
			isa = XCBuildConfiguration;
			baseConfigurationReference = 3D79AA4CA0B8FD136F3E6BCA /* Pods-NutriAppTests.debug.xcconfig */;
			buildSettings = {
				ALWAYS_EMBED_SWIFT_STANDARD_LIBRARIES = YES;
				BUNDLE_LOADER = "$(TEST_HOST)";
				CODE_SIGN_STYLE = Automatic;
				INFOPLIST_FILE = NutriAppTests/Info.plist;
				IPHONEOS_DEPLOYMENT_TARGET = 14.2;
				LD_RUNPATH_SEARCH_PATHS = (
					"$(inherited)",
					"@executable_path/Frameworks",
					"@loader_path/Frameworks",
				);
				PRODUCT_BUNDLE_IDENTIFIER = fahim.NutriAppTests;
				PRODUCT_NAME = "$(TARGET_NAME)";
				SWIFT_VERSION = 5.0;
				TARGETED_DEVICE_FAMILY = "1,2";
				TEST_HOST = "$(BUILT_PRODUCTS_DIR)/NutriApp.app/NutriApp";
			};
			name = Debug;
		};
		DD568B7D259C3489009ACD5A /* Release */ = {
			isa = XCBuildConfiguration;
			baseConfigurationReference = 05F2B55982ED3782E2B92649 /* Pods-NutriAppTests.release.xcconfig */;
			buildSettings = {
				ALWAYS_EMBED_SWIFT_STANDARD_LIBRARIES = YES;
				BUNDLE_LOADER = "$(TEST_HOST)";
				CODE_SIGN_STYLE = Automatic;
				INFOPLIST_FILE = NutriAppTests/Info.plist;
				IPHONEOS_DEPLOYMENT_TARGET = 14.2;
				LD_RUNPATH_SEARCH_PATHS = (
					"$(inherited)",
					"@executable_path/Frameworks",
					"@loader_path/Frameworks",
				);
				PRODUCT_BUNDLE_IDENTIFIER = fahim.NutriAppTests;
				PRODUCT_NAME = "$(TARGET_NAME)";
				SWIFT_VERSION = 5.0;
				TARGETED_DEVICE_FAMILY = "1,2";
				TEST_HOST = "$(BUILT_PRODUCTS_DIR)/NutriApp.app/NutriApp";
			};
			name = Release;
		};
/* End XCBuildConfiguration section */

/* Begin XCConfigurationList section */
		DD568B49259C3487009ACD5A /* Build configuration list for PBXProject "NutriApp" */ = {
			isa = XCConfigurationList;
			buildConfigurations = (
				DD568B76259C3489009ACD5A /* Debug */,
				DD568B77259C3489009ACD5A /* Release */,
			);
			defaultConfigurationIsVisible = 0;
			defaultConfigurationName = Release;
		};
		DD568B78259C3489009ACD5A /* Build configuration list for PBXNativeTarget "NutriApp" */ = {
			isa = XCConfigurationList;
			buildConfigurations = (
				DD568B79259C3489009ACD5A /* Debug */,
				DD568B7A259C3489009ACD5A /* Release */,
			);
			defaultConfigurationIsVisible = 0;
			defaultConfigurationName = Release;
		};
		DD568B7B259C3489009ACD5A /* Build configuration list for PBXNativeTarget "NutriAppTests" */ = {
			isa = XCConfigurationList;
			buildConfigurations = (
				DD568B7C259C3489009ACD5A /* Debug */,
				DD568B7D259C3489009ACD5A /* Release */,
			);
			defaultConfigurationIsVisible = 0;
			defaultConfigurationName = Release;
		};
/* End XCConfigurationList section */
	};
	rootObject = DD568B46259C3487009ACD5A /* Project object */;
}
